Microsoft Visual Studio Solution File, Format Version 12.00
# Visual Studio Version 17
VisualStudioVersion = 17.5.2.0
MinimumVisualStudioVersion = 10.0.40219.1
Project("{FAE04EC0-301F-11D3-BF4B-00C04F79EFBC}") = "ProjectMVCExample", "ProjectMVCExample.csproj", "{DCA85B3C-1063-0C94-9053-D3464E7AB71B}"
EndProject
Global
	GlobalSection(SolutionConfigurationPlatforms) = preSolution
		Debug|Any CPU = Debug|Any CPU
		Release|Any CPU = Release|Any CPU
	EndGlobalSection
	GlobalSection(ProjectConfigurationPlatforms) = postSolution
		{DCA85B3C-1063-0C94-9053-D3464E7AB71B}.Debug|Any CPU.ActiveCfg = Debug|Any CPU
		{DCA85B3C-1063-0C94-9053-D3464E7AB71B}.Debug|Any CPU.Build.0 = Debug|Any CPU
		{DCA85B3C-1063-0C94-9053-D3464E7AB71B}.Release|Any CPU.ActiveCfg = Release|Any CPU
		{DCA85B3C-1063-0C94-9053-D3464E7AB71B}.Release|Any CPU.Build.0 = Release|Any CPU
	EndGlobalSection
	GlobalSection(SolutionProperties) = preSolution
		HideSolutionNode = FALSE
	EndGlobalSection
	GlobalSection(ExtensibilityGlobals) = postSolution
		SolutionGuid = {AD7FDEEB-0DD4-4FDB-A09F-38E6D85C1951}
	EndGlobalSection
EndGlobal
